{
  "name": "web-scrobbler",
  "version": "0.0.1",
  "lockfileVersion": 1,
  "requires": true,
  "dependencies": {
    "jquery": {
      "version": "3.2.1",
      "resolved": "https://registry.npmjs.org/jquery/-/jquery-3.2.1.tgz",
      "integrity": "sha1-XE2d5lKvbNCncBVKYxu6ErAVx4c="
    },
    "jquery-inline-popup": {
      "version": "1.0.2",
      "resolved": "https://registry.npmjs.org/jquery-inline-popup/-/jquery-inline-popup-1.0.2.tgz",
      "integrity": "sha1-f3+dYZTIWg934iVb/mbe3mV0BpM=",
      "requires": {
        "jquery": "3.2.1"
      }
    },
    "moment": {
      "version": "2.22.1",
      "resolved": "https://registry.npmjs.org/moment/-/moment-2.22.1.tgz",
      "integrity": "sha512-shJkRTSebXvsVqk56I+lkb2latjBs8I+pc2TzWc545y2iFnSjm7Wg0QMh+ZWcdSLQyGEau5jI8ocnmkyTgr9YQ=="
    },
    "semantic-ui-progress": {
      "version": "2.3.1",
      "resolved": "https://registry.npmjs.org/semantic-ui-progress/-/semantic-ui-progress-2.3.1.tgz",
      "integrity": "sha512-zZ6WgQsPHvk8jvPfxio1QVG3tynfZDAC+a9vrK3w4k3P/OfKlaenh91ksorKeCnqlrYOc+NfqyZXwMbWSupdSQ=="
    },
    "semantic-ui-segment": {
      "version": "2.3.1",
      "resolved": "https://registry.npmjs.org/semantic-ui-segment/-/semantic-ui-segment-2.3.1.tgz",
      "integrity": "sha512-60xkMSTP5yn8Tdc03ScI/6kF1icIuDFuUTmikmZNy+RD7agNeVxNrJGkm3NnRvuBGksCucYBQsqUXrAJ+oZwLA=="
    },
    "vue": {
      "version": "2.5.16",
      "resolved": "https://registry.npmjs.org/vue/-/vue-2.5.16.tgz",
      "integrity": "sha512-/ffmsiVuPC8PsWcFkZngdpas19ABm5mh2wA7iDqcltyCTwlgZjHGeJYOXkBMo422iPwIcviOtrTCUpSfXmToLQ=="
    }
  }
}
