{
  "name": "web-scrobbler",
  "version": "0.0.1",
  "lockfileVersion": 1,
  "requires": true,
  "dependencies": {
    "jquery": {
      "version": "3.2.1",
      "resolved": "https://registry.npmjs.org/jquery/-/jquery-3.2.1.tgz",
      "integrity": "sha1-XE2d5lKvbNCncBVKYxu6ErAVx4c="
    },
    "semantic-ui-progress": {
      "version": "2.3.1",
      "resolved": "https://registry.npmjs.org/semantic-ui-progress/-/semantic-ui-progress-2.3.1.tgz",
      "integrity": "sha512-zZ6WgQsPHvk8jvPfxio1QVG3tynfZDAC+a9vrK3w4k3P/OfKlaenh91ksorKeCnqlrYOc+NfqyZXwMbWSupdSQ=="
    }
  }
}
